
Microsoft Visual Studio Solution File, Format Version 12.00
# Visual Studio Version 16
VisualStudioVersion = 16.0.31019.35
MinimumVisualStudioVersion = 10.0.40219.1
Project("{FAE04EC0-301F-11D3-BF4B-00C04F79EFBC}") = "Lab4.2_OOP", "Lab4.2_OOP.csproj", "{B729898A-979A-45CE-917A-6C4845B33EBE}"
EndProject
Global
	GlobalSection(SolutionConfigurationPlatforms) = preSolution
		Debug|Any CPU = Debug|Any CPU
		Release|Any CPU = Release|Any CPU
	EndGlobalSection
	GlobalSection(ProjectConfigurationPlatforms) = postSolution
		{B729898A-979A-45CE-917A-6C4845B33EBE}.Debug|Any CPU.ActiveCfg = Debug|Any CPU
		{B729898A-979A-45CE-917A-6C4845B33EBE}.Debug|Any CPU.Build.0 = Debug|Any CPU
		{B729898A-979A-45CE-917A-6C4845B33EBE}.Release|Any CPU.ActiveCfg = Release|Any CPU
		{B729898A-979A-45CE-917A-6C4845B33EBE}.Release|Any CPU.Build.0 = Release|Any CPU
	EndGlobalSection
	GlobalSection(SolutionProperties) = preSolution
		HideSolutionNode = FALSE
	EndGlobalSection
	GlobalSection(ExtensibilityGlobals) = postSolution
		SolutionGuid = {D1548169-9BA3-4FFE-B465-498B7FF4D9AE}
	EndGlobalSection
EndGlobal
